
Microsoft Visual Studio Solution File, Format Version 12.00
# Visual Studio Version 16
VisualStudioVersion = 16.0.31402.337
MinimumVisualStudioVersion = 10.0.40219.1
Project("{FAE04EC0-301F-11D3-BF4B-00C04F79EFBC}") = "ExFixLambda", "ExFixLambda\ExFixLambda.csproj", "{5CC28DE3-5A3D-4565-866B-12D874E36609}"
EndProject
Global
	GlobalSection(SolutionConfigurationPlatforms) = preSolution
		Debug|Any CPU = Debug|Any CPU
		Release|Any CPU = Release|Any CPU
	EndGlobalSection
	GlobalSection(ProjectConfigurationPlatforms) = postSolution
		{5CC28DE3-5A3D-4565-866B-12D874E36609}.Debug|Any CPU.ActiveCfg = Debug|Any CPU
		{5CC28DE3-5A3D-4565-866B-12D874E36609}.Debug|Any CPU.Build.0 = Debug|Any CPU
		{5CC28DE3-5A3D-4565-866B-12D874E36609}.Release|Any CPU.ActiveCfg = Release|Any CPU
		{5CC28DE3-5A3D-4565-866B-12D874E36609}.Release|Any CPU.Build.0 = Release|Any CPU
	EndGlobalSection
	GlobalSection(SolutionProperties) = preSolution
		HideSolutionNode = FALSE
	EndGlobalSection
	GlobalSection(ExtensibilityGlobals) = postSolution
		SolutionGuid = {A78BB196-65BA-4EA5-A572-037AB8E7A83A}
	EndGlobalSection
EndGlobal
